// !$*UTF8*$!
{
	archiveVersion = 1;
	classes = {
	};
	objectVersion = 50;
	objects = {

/* Begin PBXBuildFile section */
		E82BB778211AE4F700842F3E /* EmployeeTableViewCell.swift in Sources */ = {isa = PBXBuildFile; fileRef = E82BB777211AE4F700842F3E /* EmployeeTableViewCell.swift */; };
		E83403AE211BF6B3004158B9 /* ProfileViewController.swift in Sources */ = {isa = PBXBuildFile; fileRef = E83403AD211BF6B3004158B9 /* ProfileViewController.swift */; };
		E83403B4211C3CDD004158B9 /* DisplayViewController.swift in Sources */ = {isa = PBXBuildFile; fileRef = E83403B3211C3CDD004158B9 /* DisplayViewController.swift */; };
		E8FB28972119911200BDC103 /* AppDelegate.swift in Sources */ = {isa = PBXBuildFile; fileRef = E8FB28962119911200BDC103 /* AppDelegate.swift */; };
		E8FB28992119911200BDC103 /* LoginViewController.swift in Sources */ = {isa = PBXBuildFile; fileRef = E8FB28982119911200BDC103 /* LoginViewController.swift */; };
		E8FB289C2119911200BDC103 /* Main.storyboard in Resources */ = {isa = PBXBuildFile; fileRef = E8FB289A2119911200BDC103 /* Main.storyboard */; };
		E8FB289E2119911900BDC103 /* Assets.xcassets in Resources */ = {isa = PBXBuildFile; fileRef = E8FB289D2119911900BDC103 /* Assets.xcassets */; };
		E8FB28A12119911900BDC103 /* LaunchScreen.storyboard in Resources */ = {isa = PBXBuildFile; fileRef = E8FB289F2119911900BDC103 /* LaunchScreen.storyboard */; };
		E8FB28A92119B97D00BDC103 /* EmployeeDataTableViewController.swift in Sources */ = {isa = PBXBuildFile; fileRef = E8FB28A82119B97D00BDC103 /* EmployeeDataTableViewController.swift */; };
		E8FB28AB2119C7B000BDC103 /* Services.swift in Sources */ = {isa = PBXBuildFile; fileRef = E8FB28AA2119C7B000BDC103 /* Services.swift */; };
		E8FB28B12119DAAB00BDC103 /* WebModel.swift in Sources */ = {isa = PBXBuildFile; fileRef = E8FB28B02119DAAB00BDC103 /* WebModel.swift */; };
/* End PBXBuildFile section */

/* Begin PBXFileReference section */
		E82BB777211AE4F700842F3E /* EmployeeTableViewCell.swift */ = {isa = PBXFileReference; lastKnownFileType = sourcecode.swift; path = EmployeeTableViewCell.swift; sourceTree = "<group>"; };
		E83403AD211BF6B3004158B9 /* ProfileViewController.swift */ = {isa = PBXFileReference; lastKnownFileType = sourcecode.swift; path = ProfileViewController.swift; sourceTree = "<group>"; };
		E83403B3211C3CDD004158B9 /* DisplayViewController.swift */ = {isa = PBXFileReference; lastKnownFileType = sourcecode.swift; path = DisplayViewController.swift; sourceTree = "<group>"; };
		E8FB28932119911200BDC103 /* Breeze.app */ = {isa = PBXFileReference; explicitFileType = wrapper.application; includeInIndex = 0; path = Breeze.app; sourceTree = BUILT_PRODUCTS_DIR; };
		E8FB28962119911200BDC103 /* AppDelegate.swift */ = {isa = PBXFileReference; lastKnownFileType = sourcecode.swift; path = AppDelegate.swift; sourceTree = "<group>"; };
		E8FB28982119911200BDC103 /* LoginViewController.swift */ = {isa = PBXFileReference; lastKnownFileType = sourcecode.swift; path = LoginViewController.swift; sourceTree = "<group>"; };
		E8FB289B2119911200BDC103 /* Base */ = {isa = PBXFileReference; lastKnownFileType = file.storyboard; name = Base; path = Base.lproj/Main.storyboard; sourceTree = "<group>"; };
		E8FB289D2119911900BDC103 /* Assets.xcassets */ = {isa = PBXFileReference; lastKnownFileType = folder.assetcatalog; path = Assets.xcassets; sourceTree = "<group>"; };
		E8FB28A02119911900BDC103 /* Base */ = {isa = PBXFileReference; lastKnownFileType = file.storyboard; name = Base; path = Base.lproj/LaunchScreen.storyboard; sourceTree = "<group>"; };
		E8FB28A22119911900BDC103 /* Info.plist */ = {isa = PBXFileReference; lastKnownFileType = text.plist.xml; path = Info.plist; sourceTree = "<group>"; };
		E8FB28A82119B97D00BDC103 /* EmployeeDataTableViewController.swift */ = {isa = PBXFileReference; lastKnownFileType = sourcecode.swift; path = EmployeeDataTableViewController.swift; sourceTree = "<group>"; };
		E8FB28AA2119C7B000BDC103 /* Services.swift */ = {isa = PBXFileReference; lastKnownFileType = sourcecode.swift; path = Services.swift; sourceTree = "<group>"; };
		E8FB28B02119DAAB00BDC103 /* WebModel.swift */ = {isa = PBXFileReference; lastKnownFileType = sourcecode.swift; path = WebModel.swift; sourceTree = "<group>"; };
/* End PBXFileReference section */

/* Begin PBXFrameworksBuildPhase section */
		E8FB28902119911200BDC103 /* Frameworks */ = {
			isa = PBXFrameworksBuildPhase;
			buildActionMask = 2147483647;
			files = (
			);
			runOnlyForDeploymentPostprocessing = 0;
		};
/* End PBXFrameworksBuildPhase section */

/* Begin PBXGroup section */
		E8FB288A2119911200BDC103 = {
			isa = PBXGroup;
			children = (
				E8FB28952119911200BDC103 /* Breeze */,
				E8FB28942119911200BDC103 /* Products */,
			);
			sourceTree = "<group>";
		};
		E8FB28942119911200BDC103 /* Products */ = {
			isa = PBXGroup;
			children = (
				E8FB28932119911200BDC103 /* Breeze.app */,
			);
			name = Products;
			sourceTree = "<group>";
		};
		E8FB28952119911200BDC103 /* Breeze */ = {
			isa = PBXGroup;
			children = (
				E8FB28962119911200BDC103 /* AppDelegate.swift */,
				E8FB28AE2119DA4300BDC103 /* Controller */,
				E8FB28AF2119DA5E00BDC103 /* Views */,
				E8FB28AD2119C7FF00BDC103 /* Utils */,
				E8FB289D2119911900BDC103 /* Assets.xcassets */,
				E8FB28A22119911900BDC103 /* Info.plist */,
			);
			path = Breeze;
			sourceTree = "<group>";
		};
		E8FB28AC2119C7B600BDC103 /* Services */ = {
			isa = PBXGroup;
			children = (
				E8FB28AA2119C7B000BDC103 /* Services.swift */,
			);
			path = Services;
			sourceTree = "<group>";
		};
		E8FB28AD2119C7FF00BDC103 /* Utils */ = {
			isa = PBXGroup;
			children = (
				E8FB28AC2119C7B600BDC103 /* Services */,
			);
			path = Utils;
			sourceTree = "<group>";
		};
		E8FB28AE2119DA4300BDC103 /* Controller */ = {
			isa = PBXGroup;
			children = (
				E8FB28982119911200BDC103 /* LoginViewController.swift */,
				E83403B3211C3CDD004158B9 /* DisplayViewController.swift */,
				E83403AD211BF6B3004158B9 /* ProfileViewController.swift */,
				E8FB28A82119B97D00BDC103 /* EmployeeDataTableViewController.swift */,
			);
			path = Controller;
			sourceTree = "<group>";
		};
		E8FB28AF2119DA5E00BDC103 /* Views */ = {
			isa = PBXGroup;
			children = (
				E82BB777211AE4F700842F3E /* EmployeeTableViewCell.swift */,
				E8FB289A2119911200BDC103 /* Main.storyboard */,
				E8FB289F2119911900BDC103 /* LaunchScreen.storyboard */,
				E8FB28B22119DAB000BDC103 /* Model */,
			);
			path = Views;
			sourceTree = "<group>";
		};
		E8FB28B22119DAB000BDC103 /* Model */ = {
			isa = PBXGroup;
			children = (
				E8FB28B02119DAAB00BDC103 /* WebModel.swift */,
			);
			path = Model;
			sourceTree = "<group>";
		};
/* End PBXGroup section */

/* Begin PBXNativeTarget section */
		E8FB28922119911200BDC103 /* Breeze */ = {
			isa = PBXNativeTarget;
			buildConfigurationList = E8FB28A52119911900BDC103 /* Build configuration list for PBXNativeTarget "Breeze" */;
			buildPhases = (
				E8FB288F2119911200BDC103 /* Sources */,
				E8FB28902119911200BDC103 /* Frameworks */,
				E8FB28912119911200BDC103 /* Resources */,
			);
			buildRules = (
			);
			dependencies = (
			);
			name = Breeze;
			productName = Breeze;
			productReference = E8FB28932119911200BDC103 /* Breeze.app */;
			productType = "com.apple.product-type.application";
		};
/* End PBXNativeTarget section */

/* Begin PBXProject section */
		E8FB288B2119911200BDC103 /* Project object */ = {
			isa = PBXProject;
			attributes = {
				LastSwiftUpdateCheck = 0940;
				LastUpgradeCheck = 0940;
				ORGANIZATIONNAME = "Utkarsh Sharma";
				TargetAttributes = {
					E8FB28922119911200BDC103 = {
						CreatedOnToolsVersion = 9.4.1;
					};
				};
			};
			buildConfigurationList = E8FB288E2119911200BDC103 /* Build configuration list for PBXProject "Breeze" */;
			compatibilityVersion = "Xcode 9.3";
			developmentRegion = en;
			hasScannedForEncodings = 0;
			knownRegions = (
				en,
				Base,
			);
			mainGroup = E8FB288A2119911200BDC103;
			productRefGroup = E8FB28942119911200BDC103 /* Products */;
			projectDirPath = "";
			projectRoot = "";
			targets = (
				E8FB28922119911200BDC103 /* Breeze */,
			);
		};
/* End PBXProject section */

/* Begin PBXResourcesBuildPhase section */
		E8FB28912119911200BDC103 /* Resources */ = {
			isa = PBXResourcesBuildPhase;
			buildActionMask = 2147483647;
			files = (
				E8FB28A12119911900BDC103 /* LaunchScreen.storyboard in Resources */,
				E8FB289E2119911900BDC103 /* Assets.xcassets in Resources */,
				E8FB289C2119911200BDC103 /* Main.storyboard in Resources */,
			);
			runOnlyForDeploymentPostprocessing = 0;
		};
/* End PBXResourcesBuildPhase section */

/* Begin PBXSourcesBuildPhase section */
		E8FB288F2119911200BDC103 /* Sources */ = {
			isa = PBXSourcesBuildPhase;
			buildActionMask = 2147483647;
			files = (
				E8FB28A92119B97D00BDC103 /* EmployeeDataTableViewController.swift in Sources */,
				E8FB28AB2119C7B000BDC103 /* Services.swift in Sources */,
				E8FB28B12119DAAB00BDC103 /* WebModel.swift in Sources */,
				E8FB28992119911200BDC103 /* LoginViewController.swift in Sources */,
				E8FB28972119911200BDC103 /* AppDelegate.swift in Sources */,
				E82BB778211AE4F700842F3E /* EmployeeTableViewCell.swift in Sources */,
				E83403B4211C3CDD004158B9 /* DisplayViewController.swift in Sources */,
				E83403AE211BF6B3004158B9 /* ProfileViewController.swift in Sources */,
			);
			runOnlyForDeploymentPostprocessing = 0;
		};
/* End PBXSourcesBuildPhase section */

/* Begin PBXVariantGroup section */
		E8FB289A2119911200BDC103 /* Main.storyboard */ = {
			isa = PBXVariantGroup;
			children = (
				E8FB289B2119911200BDC103 /* Base */,
			);
			name = Main.storyboard;
			sourceTree = "<group>";
		};
		E8FB289F2119911900BDC103 /* LaunchScreen.storyboard */ = {
			isa = PBXVariantGroup;
			children = (
				E8FB28A02119911900BDC103 /* Base */,
			);
			name = LaunchScreen.storyboard;
			sourceTree = "<group>";
		};
/* End PBXVariantGroup section */

/* Begin XCBuildConfiguration section */
		E8FB28A32119911900BDC103 /* Debug */ = {
			isa = XCBuildConfiguration;
			buildSettings = {
				ALWAYS_SEARCH_USER_PATHS = NO;
				CLANG_ANALYZER_NONNULL = YES;
				CLANG_ANALYZER_NUMBER_OBJECT_CONVERSION = YES_AGGRESSIVE;
				CLANG_CXX_LANGUAGE_STANDARD = "gnu++14";
				CLANG_CXX_LIBRARY = "libc++";
				CLANG_ENABLE_MODULES = YES;
				CLANG_ENABLE_OBJC_ARC = YES;
				CLANG_ENABLE_OBJC_WEAK = YES;
				CLANG_WARN_BLOCK_CAPTURE_AUTORELEASING = YES;
				CLANG_WARN_BOOL_CONVERSION = YES;
				CLANG_WARN_COMMA = YES;
				CLANG_WARN_CONSTANT_CONVERSION = YES;
				CLANG_WARN_DEPRECATED_OBJC_IMPLEMENTATIONS = YES;
				CLANG_WARN_DIRECT_OBJC_ISA_USAGE = YES_ERROR;
				CLANG_WARN_DOCUMENTATION_COMMENTS = YES;
				CLANG_WARN_EMPTY_BODY = YES;
				CLANG_WARN_ENUM_CONVERSION = YES;
				CLANG_WARN_INFINITE_RECURSION = YES;
				CLANG_WARN_INT_CONVERSION = YES;
				CLANG_WARN_NON_LITERAL_NULL_CONVERSION = YES;
				CLANG_WARN_OBJC_IMPLICIT_RETAIN_SELF = YES;
				CLANG_WARN_OBJC_LITERAL_CONVERSION = YES;
				CLANG_WARN_OBJC_ROOT_CLASS = YES_ERROR;
				CLANG_WARN_RANGE_LOOP_ANALYSIS = YES;
				CLANG_WARN_STRICT_PROTOTYPES = YES;
				CLANG_WARN_SUSPICIOUS_MOVE = YES;
				CLANG_WARN_UNGUARDED_AVAILABILITY = YES_AGGRESSIVE;
				CLANG_WARN_UNREACHABLE_CODE = YES;
				CLANG_WARN__DUPLICATE_METHOD_MATCH = YES;
				CODE_SIGN_IDENTITY = "iPhone Developer";
				COPY_PHASE_STRIP = NO;
				DEBUG_INFORMATION_FORMAT = dwarf;
				ENABLE_STRICT_OBJC_MSGSEND = YES;
				ENABLE_TESTABILITY = YES;
				GCC_C_LANGUAGE_STANDARD = gnu11;
				GCC_DYNAMIC_NO_PIC = NO;
				GCC_NO_COMMON_BLOCKS = YES;
				GCC_OPTIMIZATION_LEVEL = 0;
				GCC_PREPROCESSOR_DEFINITIONS = (
					"DEBUG=1",
					"$(inherited)",
				);
				GCC_WARN_64_TO_32_BIT_CONVERSION = YES;
				GCC_WARN_ABOUT_RETURN_TYPE = YES_ERROR;
				GCC_WARN_UNDECLARED_SELECTOR = YES;
				GCC_WARN_UNINITIALIZED_AUTOS = YES_AGGRESSIVE;
				GCC_WARN_UNUSED_FUNCTION = YES;
				GCC_WARN_UNUSED_VARIABLE = YES;
				IPHONEOS_DEPLOYMENT_TARGET = 11.4;
				MTL_ENABLE_DEBUG_INFO = YES;
				ONLY_ACTIVE_ARCH = YES;
				SDKROOT = iphoneos;
				SWIFT_ACTIVE_COMPILATION_CONDITIONS = DEBUG;
				SWIFT_OPTIMIZATION_LEVEL = "-Onone";
			};
			name = Debug;
		};
		E8FB28A42119911900BDC103 /* Release */ = {
			isa = XCBuildConfiguration;
			buildSettings = {
				ALWAYS_SEARCH_USER_PATHS = NO;
				CLANG_ANALYZER_NONNULL = YES;
				CLANG_ANALYZER_NUMBER_OBJECT_CONVERSION = YES_AGGRESSIVE;
				CLANG_CXX_LANGUAGE_STANDARD = "gnu++14";
				CLANG_CXX_LIBRARY = "libc++";
				CLANG_ENABLE_MODULES = YES;
				CLANG_ENABLE_OBJC_ARC = YES;
				CLANG_ENABLE_OBJC_WEAK = YES;
				CLANG_WARN_BLOCK_CAPTURE_AUTORELEASING = YES;
				CLANG_WARN_BOOL_CONVERSION = YES;
				CLANG_WARN_COMMA = YES;
				CLANG_WARN_CONSTANT_CONVERSION = YES;
				CLANG_WARN_DEPRECATED_OBJC_IMPLEMENTATIONS = YES;
				CLANG_WARN_DIRECT_OBJC_ISA_USAGE = YES_ERROR;
				CLANG_WARN_DOCUMENTATION_COMMENTS = YES;
				CLANG_WARN_EMPTY_BODY = YES;
				CLANG_WARN_ENUM_CONVERSION = YES;
				CLANG_WARN_INFINITE_RECURSION = YES;
				CLANG_WARN_INT_CONVERSION = YES;
				CLANG_WARN_NON_LITERAL_NULL_CONVERSION = YES;
				CLANG_WARN_OBJC_IMPLICIT_RETAIN_SELF = YES;
				CLANG_WARN_OBJC_LITERAL_CONVERSION = YES;
				CLANG_WARN_OBJC_ROOT_CLASS = YES_ERROR;
				CLANG_WARN_RANGE_LOOP_ANALYSIS = YES;
				CLANG_WARN_STRICT_PROTOTYPES = YES;
				CLANG_WARN_SUSPICIOUS_MOVE = YES;
				CLANG_WARN_UNGUARDED_AVAILABILITY = YES_AGGRESSIVE;
				CLANG_WARN_UNREACHABLE_CODE = YES;
				CLANG_WARN__DUPLICATE_METHOD_MATCH = YES;
				CODE_SIGN_IDENTITY = "iPhone Developer";
				COPY_PHASE_STRIP = NO;
				DEBUG_INFORMATION_FORMAT = "dwarf-with-dsym";
				ENABLE_NS_ASSERTIONS = NO;
				ENABLE_STRICT_OBJC_MSGSEND = YES;
				GCC_C_LANGUAGE_STANDARD = gnu11;
				GCC_NO_COMMON_BLOCKS = YES;
				GCC_WARN_64_TO_32_BIT_CONVERSION = YES;
				GCC_WARN_ABOUT_RETURN_TYPE = YES_ERROR;
				GCC_WARN_UNDECLARED_SELECTOR = YES;
				GCC_WARN_UNINITIALIZED_AUTOS = YES_AGGRESSIVE;
				GCC_WARN_UNUSED_FUNCTION = YES;
				GCC_WARN_UNUSED_VARIABLE = YES;
				IPHONEOS_DEPLOYMENT_TARGET = 11.4;
				MTL_ENABLE_DEBUG_INFO = NO;
				SDKROOT = iphoneos;
				SWIFT_COMPILATION_MODE = wholemodule;
				SWIFT_OPTIMIZATION_LEVEL = "-O";
				VALIDATE_PRODUCT = YES;
			};
			name = Release;
		};
		E8FB28A62119911900BDC103 /* Debug */ = {
			isa = XCBuildConfiguration;
			buildSettings = {
				ASSETCATALOG_COMPILER_APPICON_NAME = AppIcon;
				CODE_SIGN_STYLE = Automatic;
				INFOPLIST_FILE = Breeze/Info.plist;
				LD_RUNPATH_SEARCH_PATHS = (
					"$(inherited)",
					"@executable_path/Frameworks",
				);
				PRODUCT_BUNDLE_IDENTIFIER = com.solutionanalysts.Breeze;
				PRODUCT_NAME = "$(TARGET_NAME)";
				SWIFT_VERSION = 4.0;
				TARGETED_DEVICE_FAMILY = "1,2";
			};
			name = Debug;
		};
		E8FB28A72119911900BDC103 /* Release */ = {
			isa = XCBuildConfiguration;
			buildSettings = {
				ASSETCATALOG_COMPILER_APPICON_NAME = AppIcon;
				CODE_SIGN_STYLE = Automatic;
				INFOPLIST_FILE = Breeze/Info.plist;
				LD_RUNPATH_SEARCH_PATHS = (
					"$(inherited)",
					"@executable_path/Frameworks",
				);
				PRODUCT_BUNDLE_IDENTIFIER = com.solutionanalysts.Breeze;
				PRODUCT_NAME = "$(TARGET_NAME)";
				SWIFT_VERSION = 4.0;
				TARGETED_DEVICE_FAMILY = "1,2";
			};
			name = Release;
		};
/* End XCBuildConfiguration section */

/* Begin XCConfigurationList section */
		E8FB288E2119911200BDC103 /* Build configuration list for PBXProject "Breeze" */ = {
			isa = XCConfigurationList;
			buildConfigurations = (
				E8FB28A32119911900BDC103 /* Debug */,
				E8FB28A42119911900BDC103 /* Release */,
			);
			defaultConfigurationIsVisible = 0;
			defaultConfigurationName = Release;
		};
		E8FB28A52119911900BDC103 /* Build configuration list for PBXNativeTarget "Breeze" */ = {
			isa = XCConfigurationList;
			buildConfigurations = (
				E8FB28A62119911900BDC103 /* Debug */,
				E8FB28A72119911900BDC103 /* Release */,
			);
			defaultConfigurationIsVisible = 0;
			defaultConfigurationName = Release;
		};
/* End XCConfigurationList section */
	};
	rootObject = E8FB288B2119911200BDC103 /* Project object */;
}
